Microsoft Visual Studio Solution File, Format Version 12.00
# Visual Studio Version 17
VisualStudioVersion = 17.5.2.0
MinimumVisualStudioVersion = 10.0.40219.1
Project("{FAE04EC0-301F-11D3-BF4B-00C04F79EFBC}") = "SampleCrudApp", "SampleCrudApp.csproj", "{DCB28C44-4D80-ACB8-FE79-C429D3CB4F45}"
EndProject
Global
	GlobalSection(SolutionConfigurationPlatforms) = preSolution
		Debug|Any CPU = Debug|Any CPU
		Release|Any CPU = Release|Any CPU
	EndGlobalSection
	GlobalSection(ProjectConfigurationPlatforms) = postSolution
		{DCB28C44-4D80-ACB8-FE79-C429D3CB4F45}.Debug|Any CPU.ActiveCfg = Debug|Any CPU
		{DCB28C44-4D80-ACB8-FE79-C429D3CB4F45}.Debug|Any CPU.Build.0 = Debug|Any CPU
		{DCB28C44-4D80-ACB8-FE79-C429D3CB4F45}.Release|Any CPU.ActiveCfg = Release|Any CPU
		{DCB28C44-4D80-ACB8-FE79-C429D3CB4F45}.Release|Any CPU.Build.0 = Release|Any CPU
	EndGlobalSection
	GlobalSection(SolutionProperties) = preSolution
		HideSolutionNode = FALSE
	EndGlobalSection
	GlobalSection(ExtensibilityGlobals) = postSolution
		SolutionGuid = {03639EE9-AD33-4B54-BC39-5FF3F195AB75}
	EndGlobalSection
EndGlobal
